
Microsoft Visual Studio Solution File, Format Version 12.00
# Visual Studio Version 16
VisualStudioVersion = 16.0.31702.278
MinimumVisualStudioVersion = 10.0.40219.1
Project("{FAE04EC0-301F-11D3-BF4B-00C04F79EFBC}") = "C969", "C969\C969.csproj", "{7024EB42-D00F-4DF5-937B-816CB343D211}"
EndProject
Global
	GlobalSection(SolutionConfigurationPlatforms) = preSolution
		Debug|Any CPU = Debug|Any CPU
		Release|Any CPU = Release|Any CPU
	EndGlobalSection
	GlobalSection(ProjectConfigurationPlatforms) = postSolution
		{7024EB42-D00F-4DF5-937B-816CB343D211}.Debug|Any CPU.ActiveCfg = Debug|Any CPU
		{7024EB42-D00F-4DF5-937B-816CB343D211}.Debug|Any CPU.Build.0 = Debug|Any CPU
		{7024EB42-D00F-4DF5-937B-816CB343D211}.Release|Any CPU.ActiveCfg = Release|Any CPU
		{7024EB42-D00F-4DF5-937B-816CB343D211}.Release|Any CPU.Build.0 = Release|Any CPU
	EndGlobalSection
	GlobalSection(SolutionProperties) = preSolution
		HideSolutionNode = FALSE
	EndGlobalSection
	GlobalSection(ExtensibilityGlobals) = postSolution
		SolutionGuid = {144C7CEC-A338-4463-B8E8-49AE8C9F2F9A}
	EndGlobalSection
EndGlobal
